
Microsoft Visual Studio Solution File, Format Version 12.00
# Visual Studio 15
VisualStudioVersion = 15.0.27004.2005
MinimumVisualStudioVersion = 10.0.40219.1
Project("{8BC9CEB8-8B4A-11D0-8D11-00A0C91BC942}") = "e186", "repo\engine\project\e186.vcxproj", "{30023C00-5960-46C2-9812-8BF359162A34}"
EndProject
Project("{8BC9CEB8-8B4A-11D0-8D11-00A0C91BC942}") = "application", "repo\application\project\application.vcxproj", "{F51BDAE5-FAC7-4007-A69B-E3908D87A536}"
EndProject
Global
	GlobalSection(SolutionConfigurationPlatforms) = preSolution
		Debug|x64 = Debug|x64
		Release|x64 = Release|x64
	EndGlobalSection
	GlobalSection(ProjectConfigurationPlatforms) = postSolution
		{30023C00-5960-46C2-9812-8BF359162A34}.Debug|x64.ActiveCfg = Debug|x64
		{30023C00-5960-46C2-9812-8BF359162A34}.Debug|x64.Build.0 = Debug|x64
		{30023C00-5960-46C2-9812-8BF359162A34}.Release|x64.ActiveCfg = Release|x64
		{30023C00-5960-46C2-9812-8BF359162A34}.Release|x64.Build.0 = Release|x64
		{F51BDAE5-FAC7-4007-A69B-E3908D87A536}.Debug|x64.ActiveCfg = Debug|x64
		{F51BDAE5-FAC7-4007-A69B-E3908D87A536}.Debug|x64.Build.0 = Debug|x64
		{F51BDAE5-FAC7-4007-A69B-E3908D87A536}.Release|x64.ActiveCfg = Release|x64
		{F51BDAE5-FAC7-4007-A69B-E3908D87A536}.Release|x64.Build.0 = Release|x64
	EndGlobalSection
	GlobalSection(SolutionProperties) = preSolution
		HideSolutionNode = FALSE
	EndGlobalSection
	GlobalSection(ExtensibilityGlobals) = postSolution
		SolutionGuid = {593DC747-F8C0-4A24-85D7-F34FA8C855ED}
	EndGlobalSection
EndGlobal
